
Microsoft Visual Studio Solution File, Format Version 12.00
# Visual Studio Version 17
VisualStudioVersion = 17.10.35027.167
MinimumVisualStudioVersion = 10.0.40219.1
Project("{FAE04EC0-301F-11D3-BF4B-00C04F79EFBC}") = "ifelsesayigirme", "ifelsesayigirme\ifelsesayigirme.csproj", "{0987BA3B-FC99-4CD9-92B4-278D12C92C53}"
EndProject
Global
	GlobalSection(SolutionConfigurationPlatforms) = preSolution
		Debug|Any CPU = Debug|Any CPU
		Release|Any CPU = Release|Any CPU
	EndGlobalSection
	GlobalSection(ProjectConfigurationPlatforms) = postSolution
		{0987BA3B-FC99-4CD9-92B4-278D12C92C53}.Debug|Any CPU.ActiveCfg = Debug|Any CPU
		{0987BA3B-FC99-4CD9-92B4-278D12C92C53}.Debug|Any CPU.Build.0 = Debug|Any CPU
		{0987BA3B-FC99-4CD9-92B4-278D12C92C53}.Release|Any CPU.ActiveCfg = Release|Any CPU
		{0987BA3B-FC99-4CD9-92B4-278D12C92C53}.Release|Any CPU.Build.0 = Release|Any CPU
	EndGlobalSection
	GlobalSection(SolutionProperties) = preSolution
		HideSolutionNode = FALSE
	EndGlobalSection
	GlobalSection(ExtensibilityGlobals) = postSolution
		SolutionGuid = {B379EDA4-7504-409D-9A80-475A5D9EE097}
	EndGlobalSection
EndGlobal
